// !$*UTF8*$!
{
	archiveVersion = 1;
	classes = {
	};
	objectVersion = 46;
	objects = {

/* Begin PBXBuildFile section */
		501BB5341AC4012E0066CA3D /* main.m in Sources */ = {isa = PBXBuildFile; fileRef = 501BB5331AC4012E0066CA3D /* main.m */; };
		501BB5371AC4012E0066CA3D /* AppDelegate.m in Sources */ = {isa = PBXBuildFile; fileRef = 501BB5361AC4012E0066CA3D /* AppDelegate.m */; };
		501BB53D1AC4012E0066CA3D /* Main.storyboard in Resources */ = {isa = PBXBuildFile; fileRef = 501BB53B1AC4012E0066CA3D /* Main.storyboard */; };
		501BB53F1AC4012E0066CA3D /* Images.xcassets in Resources */ = {isa = PBXBuildFile; fileRef = 501BB53E1AC4012E0066CA3D /* Images.xcassets */; };
		501BB5421AC4012E0066CA3D /* LaunchScreen.xib in Resources */ = {isa = PBXBuildFile; fileRef = 501BB5401AC4012E0066CA3D /* LaunchScreen.xib */; };
		501BB54E1AC4012E0066CA3D /* FairFareTests.m in Sources */ = {isa = PBXBuildFile; fileRef = 501BB54D1AC4012E0066CA3D /* FairFareTests.m */; };
		5020511E1B183E1E007F2560 /* libTestFairy.a in Frameworks */ = {isa = PBXBuildFile; fileRef = 5020511C1B183E1E007F2560 /* libTestFairy.a */; };
		502051201B18429B007F2560 /* CoreMedia.framework in Frameworks */ = {isa = PBXBuildFile; fileRef = 5020511F1B18429B007F2560 /* CoreMedia.framework */; };
		502051221B1842A7007F2560 /* CoreMotion.framework in Frameworks */ = {isa = PBXBuildFile; fileRef = 502051211B1842A7007F2560 /* CoreMotion.framework */; };
		502238041B05A1BE00105448 /* ViewController.m in Sources */ = {isa = PBXBuildFile; fileRef = 502238031B05A1BE00105448 /* ViewController.m */; };
		5040199F1AF73EBD0011BC56 /* NSDictionary+Helper.m in Sources */ = {isa = PBXBuildFile; fileRef = 5040199E1AF73EBD0011BC56 /* NSDictionary+Helper.m */; };
		50455CD31B1E201F00EB2415 /* libPods-LiveFrost.a in Frameworks */ = {isa = PBXBuildFile; fileRef = 50455CD21B1E201F00EB2415 /* libPods-LiveFrost.a */; };
		50455CD51B1E202400EB2415 /* libPods.a in Frameworks */ = {isa = PBXBuildFile; fileRef = 50455CD41B1E202400EB2415 /* libPods.a */; };
		50455CD71B1E220900EB2415 /* GoogleMaps.framework in Frameworks */ = {isa = PBXBuildFile; fileRef = 50455CD61B1E220900EB2415 /* GoogleMaps.framework */; };
		504C734B1AD2ED1500661F5D /* ActionSheetCustomPicker.m in Sources */ = {isa = PBXBuildFile; fileRef = 504C73491AD2ED1500661F5D /* ActionSheetCustomPicker.m */; };
		504C734E1AD2EF1B00661F5D /* AbstractActionSheetPicker.m in Sources */ = {isa = PBXBuildFile; fileRef = 504C734D1AD2EF1B00661F5D /* AbstractActionSheetPicker.m */; };
		504C73511AD2EF3F00661F5D /* SWActionSheet.m in Sources */ = {isa = PBXBuildFile; fileRef = 504C73501AD2EF3F00661F5D /* SWActionSheet.m */; };
		5060593B1AD264B200EDB895 /* FareCalculatorViewController.m in Sources */ = {isa = PBXBuildFile; fileRef = 5060593A1AD264B200EDB895 /* FareCalculatorViewController.m */; };
		50639BA31AF236EC00477E24 /* FairFare.xcdatamodeld in Sources */ = {isa = PBXBuildFile; fileRef = 50639BA11AF236EC00477E24 /* FairFare.xcdatamodeld */; };
		50639BAF1AF23F3100477E24 /* Journey.m in Sources */ = {isa = PBXBuildFile; fileRef = 50639BAC1AF23F3100477E24 /* Journey.m */; };
		50639BB61AF240A700477E24 /* DataBaseManager.m in Sources */ = {isa = PBXBuildFile; fileRef = 50639BB31AF240A700477E24 /* DataBaseManager.m */; };
		50639BB71AF240A700477E24 /* NSManagedObject+Data.m in Sources */ = {isa = PBXBuildFile; fileRef = 50639BB51AF240A700477E24 /* NSManagedObject+Data.m */; };
		50639BBA1AF245C800477E24 /* NSDate+Helper.m in Sources */ = {isa = PBXBuildFile; fileRef = 50639BB91AF245C800477E24 /* NSDate+Helper.m */; };
		50639BBD1AF247A400477E24 /* NSOBject+Utility.m in Sources */ = {isa = PBXBuildFile; fileRef = 50639BBC1AF247A400477E24 /* NSOBject+Utility.m */; };
		507ACDC71ACBAC2500B743C0 /* LayoutManager.m in Sources */ = {isa = PBXBuildFile; fileRef = 507ACDC61ACBAC2500B743C0 /* LayoutManager.m */; };
		507FE5881B28C70800C7D4E4 /* checkbox.png in Resources */ = {isa = PBXBuildFile; fileRef = 507FE5761B28C70700C7D4E4 /* checkbox.png */; };
		507FE5891B28C70800C7D4E4 /* checkboxselected.png in Resources */ = {isa = PBXBuildFile; fileRef = 507FE5771B28C70700C7D4E4 /* checkboxselected.png */; };
		507FE58A1B28C70800C7D4E4 /* DayFares.plist in Resources */ = {isa = PBXBuildFile; fileRef = 507FE5781B28C70700C7D4E4 /* DayFares.plist */; };
		507FE58B1B28C70800C7D4E4 /* Default.png in Resources */ = {isa = PBXBuildFile; fileRef = 507FE5791B28C70700C7D4E4 /* Default.png */; };
		507FE58C1B28C70800C7D4E4 /* Default_Ratina.png in Resources */ = {isa = PBXBuildFile; fileRef = 507FE57A1B28C70700C7D4E4 /* Default_Ratina.png */; };
		507FE58D1B28C70800C7D4E4 /* Fares.plist in Resources */ = {isa = PBXBuildFile; fileRef = 507FE57B1B28C70700C7D4E4 /* Fares.plist */; };
		507FE58E1B28C70800C7D4E4 /* history.png in Resources */ = {isa = PBXBuildFile; fileRef = 507FE57C1B28C70700C7D4E4 /* history.png */; };
		507FE58F1B28C70800C7D4E4 /* Let's go Digital Regular.ttf in Resources */ = {isa = PBXBuildFile; fileRef = 507FE57D1B28C70800C7D4E4 /* Let's go Digital Regular.ttf */; };
		507FE5901B28C70800C7D4E4 /* Locations Test.gpx in Resources */ = {isa = PBXBuildFile; fileRef = 507FE57E1B28C70800C7D4E4 /* Locations Test.gpx */; };
		507FE5911B28C70800C7D4E4 /* Locations.gpx in Resources */ = {isa = PBXBuildFile; fileRef = 507FE57F1B28C70800C7D4E4 /* Locations.gpx */; };
		507FE5921B28C70800C7D4E4 /* logo.png in Resources */ = {isa = PBXBuildFile; fileRef = 507FE5801B28C70800C7D4E4 /* logo.png */; };
		507FE5931B28C70800C7D4E4 /* NavigationArrow.png in Resources */ = {isa = PBXBuildFile; fileRef = 507FE5811B28C70800C7D4E4 /* NavigationArrow.png */; };
		507FE5941B28C70800C7D4E4 /* NightFares.plist in Resources */ = {isa = PBXBuildFile; fileRef = 507FE5821B28C70800C7D4E4 /* NightFares.plist */; };
		507FE5951B28C70800C7D4E4 /* Providers.plist in Resources */ = {isa = PBXBuildFile; fileRef = 507FE5831B28C70800C7D4E4 /* Providers.plist */; };
		507FE5961B28C70800C7D4E4 /* Services.plist in Resources */ = {isa = PBXBuildFile; fileRef = 507FE5841B28C70800C7D4E4 /* Services.plist */; };
		507FE5971B28C70800C7D4E4 /* startjourney.png in Resources */ = {isa = PBXBuildFile; fileRef = 507FE5851B28C70800C7D4E4 /* startjourney.png */; };
		507FE5981B28C70800C7D4E4 /* stopbutton.png in Resources */ = {isa = PBXBuildFile; fileRef = 507FE5861B28C70800C7D4E4 /* stopbutton.png */; };
		507FE5991B28C70800C7D4E4 /* SubCategories.plist in Resources */ = {isa = PBXBuildFile; fileRef = 507FE5871B28C70800C7D4E4 /* SubCategories.plist */; };
		50874DD11AD3F2D80060AB57 /* ContentManager.m in Sources */ = {isa = PBXBuildFile; fileRef = 50874DD01AD3F2D80060AB57 /* ContentManager.m */; };
		5088D47E1AD7ADC500A626E8 /* MapKit.framework in Frameworks */ = {isa = PBXBuildFile; fileRef = 5088D47D1AD7ADC500A626E8 /* MapKit.framework */; };
		508B1EB01AE0E7AD00086AAB /* YouPayViewController.m in Sources */ = {isa = PBXBuildFile; fileRef = 508B1EAF1AE0E7AD00086AAB /* YouPayViewController.m */; };
		50AD89101AE58A9200F70956 /* InfoViewController.m in Sources */ = {isa = PBXBuildFile; fileRef = 50AD890E1AE58A9200F70956 /* InfoViewController.m */; };
		50AD89111AE58A9200F70956 /* InfoViewController.xib in Resources */ = {isa = PBXBuildFile; fileRef = 50AD890F1AE58A9200F70956 /* InfoViewController.xib */; };
		50BC46031B00B54300F81239 /* Address.m in Sources */ = {isa = PBXBuildFile; fileRef = 50BC46021B00B54300F81239 /* Address.m */; };
		50C9EC211AC9C6F000D34A0B /* GoogleMaps.framework in Frameworks */ = {isa = PBXBuildFile; fileRef = 50C9EC201AC9C6F000D34A0B /* GoogleMaps.framework */; };
		50C9EC231AC9C78400D34A0B /* GoogleMaps.bundle in Resources */ = {isa = PBXBuildFile; fileRef = 50C9EC221AC9C78400D34A0B /* GoogleMaps.bundle */; };
		50C9EC251AC9C8B600D34A0B /* AVFoundation.framework in Frameworks */ = {isa = PBXBuildFile; fileRef = 50C9EC241AC9C8B600D34A0B /* AVFoundation.framework */; };
		50C9EC271AC9C8C400D34A0B /* CoreData.framework in Frameworks */ = {isa = PBXBuildFile; fileRef = 50C9EC261AC9C8C400D34A0B /* CoreData.framework */; };
		50C9EC291AC9C8CE00D34A0B /* CoreLocation.framework in Frameworks */ = {isa = PBXBuildFile; fileRef = 50C9EC281AC9C8CE00D34A0B /* CoreLocation.framework */; };
		50C9EC2B1AC9C8D900D34A0B /* CoreText.framework in Frameworks */ = {isa = PBXBuildFile; fileRef = 50C9EC2A1AC9C8D900D34A0B /* CoreText.framework */; };
		50C9EC2D1AC9C8E300D34A0B /* GLKit.framework in Frameworks */ = {isa = PBXBuildFile; fileRef = 50C9EC2C1AC9C8E300D34A0B /* GLKit.framework */; };
		50C9EC2F1AC9C8F900D34A0B /* ImageIO.framework in Frameworks */ = {isa = PBXBuildFile; fileRef = 50C9EC2E1AC9C8F900D34A0B /* ImageIO.framework */; };
		50C9EC311AC9C92E00D34A0B /* libc++.dylib in Frameworks */ = {isa = PBXBuildFile; fileRef = 50C9EC301AC9C92E00D34A0B /* libc++.dylib */; };
		50C9EC331AC9C93A00D34A0B /* libicucore.dylib in Frameworks */ = {isa = PBXBuildFile; fileRef = 50C9EC321AC9C93A00D34A0B /* libicucore.dylib */; };
		50C9EC351AC9C94400D34A0B /* libz.dylib in Frameworks */ = {isa = PBXBuildFile; fileRef = 50C9EC341AC9C94400D34A0B /* libz.dylib */; };
		50C9EC371AC9C94F00D34A0B /* OpenGLES.framework in Frameworks */ = {isa = PBXBuildFile; fileRef = 50C9EC361AC9C94F00D34A0B /* OpenGLES.framework */; };
		50C9EC391AC9C95B00D34A0B /* QuartzCore.framework in Frameworks */ = {isa = PBXBuildFile; fileRef = 50C9EC381AC9C95B00D34A0B /* QuartzCore.framework */; };
		50C9EC3B1AC9C96300D34A0B /* SystemConfiguration.framework in Frameworks */ = {isa = PBXBuildFile; fileRef = 50C9EC3A1AC9C96300D34A0B /* SystemConfiguration.framework */; };
		50CB10A81ACAA907007CEF1A /* LocationShareModel.m in Sources */ = {isa = PBXBuildFile; fileRef = 50CB108E1ACAA907007CEF1A /* LocationShareModel.m */; };
		50CB10AE1ACAA907007CEF1A /* Reachability.m in Sources */ = {isa = PBXBuildFile; fileRef = 50CB109B1ACAA907007CEF1A /* Reachability.m */; };
		50DA13641AF368E900A5295A /* AppDataBaseManager.m in Sources */ = {isa = PBXBuildFile; fileRef = 50DA13631AF368E900A5295A /* AppDataBaseManager.m */; };
		50E0BE7F1ACC408400F7D67B /* HistoryViewController.m in Sources */ = {isa = PBXBuildFile; fileRef = 50E0BE7E1ACC408400F7D67B /* HistoryViewController.m */; };
		50E0BE811ACC463A00F7D67B /* Utils.m in Sources */ = {isa = PBXBuildFile; fileRef = 50E0BE801ACC463A00F7D67B /* Utils.m */; };
		50FD9EA91AD11F07002519A7 /* M13Checkbox.m in Sources */ = {isa = PBXBuildFile; fileRef = 50FD9EA81AD11F07002519A7 /* M13Checkbox.m */; };
/* End PBXBuildFile section */

/* Begin PBXContainerItemProxy section */
		501BB5481AC4012E0066CA3D /* PBXContainerItemProxy */ = {
			isa = PBXContainerItemProxy;
			containerPortal = 501BB5261AC4012E0066CA3D /* Project object */;
			proxyType = 1;
			remoteGlobalIDString = 501BB52D1AC4012E0066CA3D;
			remoteInfo = FairFare;
		};
/* End PBXContainerItemProxy section */

/* Begin PBXFileReference section */
		37E4AC61D3D0F475B7B47AB5 /* Pods.debug.xcconfig */ = {isa = PBXFileReference; includeInIndex = 1; lastKnownFileType = text.xcconfig; name = Pods.debug.xcconfig; path = "Pods/Target Support Files/Pods/Pods.debug.xcconfig"; sourceTree = "<group>"; };
		501BB52E1AC4012E0066CA3D /* FairFare.app */ = {isa = PBXFileReference; explicitFileType = wrapper.application; includeInIndex = 0; path = FairFare.app; sourceTree = BUILT_PRODUCTS_DIR; };
		501BB5321AC4012E0066CA3D /* Info.plist */ = {isa = PBXFileReference; lastKnownFileType = text.plist.xml; path = Info.plist; sourceTree = "<group>"; };
		501BB5331AC4012E0066CA3D /* main.m */ = {isa = PBXFileReference; lastKnownFileType = sourcecode.c.objc; path = main.m; sourceTree = "<group>"; };
		501BB5351AC4012E0066CA3D /* AppDelegate.h */ = {isa = PBXFileReference; lastKnownFileType = sourcecode.c.h; path = AppDelegate.h; sourceTree = "<group>"; };
		501BB5361AC4012E0066CA3D /* AppDelegate.m */ = {isa = PBXFileReference; lastKnownFileType = sourcecode.c.objc; path = AppDelegate.m; sourceTree = "<group>"; };
		501BB53C1AC4012E0066CA3D /* Base */ = {isa = PBXFileReference; lastKnownFileType = file.storyboard; name = Base; path = Base.lproj/Main.storyboard; sourceTree = "<group>"; };
		501BB53E1AC4012E0066CA3D /* Images.xcassets */ = {isa = PBXFileReference; lastKnownFileType = folder.assetcatalog; path = Images.xcassets; sourceTree = "<group>"; };
		501BB5411AC4012E0066CA3D /* Base */ = {isa = PBXFileReference; lastKnownFileType = file.xib; name = Base; path = Base.lproj/LaunchScreen.xib; sourceTree = "<group>"; };
		501BB5471AC4012E0066CA3D /* FairFareTests.xctest */ = {isa = PBXFileReference; explicitFileType = wrapper.cfbundle; includeInIndex = 0; path = FairFareTests.xctest; sourceTree = BUILT_PRODUCTS_DIR; };
		501BB54C1AC4012E0066CA3D /* Info.plist */ = {isa = PBXFileReference; lastKnownFileType = text.plist.xml; path = Info.plist; sourceTree = "<group>"; };
		501BB54D1AC4012E0066CA3D /* FairFareTests.m */ = {isa = PBXFileReference; lastKnownFileType = sourcecode.c.objc; path = FairFareTests.m; sourceTree = "<group>"; };
		5020511C1B183E1E007F2560 /* libTestFairy.a */ = {isa = PBXFileReference; lastKnownFileType = archive.ar; path = libTestFairy.a; sourceTree = "<group>"; };
		5020511D1B183E1E007F2560 /* TestFairy.h */ = {isa = PBXFileReference; fileEncoding = 4; lastKnownFileType = sourcecode.c.h; path = TestFairy.h; sourceTree = "<group>"; };
		5020511F1B18429B007F2560 /* CoreMedia.framework */ = {isa = PBXFileReference; lastKnownFileType = wrapper.framework; name = CoreMedia.framework; path = System/Library/Frameworks/CoreMedia.framework; sourceTree = SDKROOT; };
		502051211B1842A7007F2560 /* CoreMotion.framework */ = {isa = PBXFileReference; lastKnownFileType = wrapper.framework; name = CoreMotion.framework; path = System/Library/Frameworks/CoreMotion.framework; sourceTree = SDKROOT; };
		502238021B05A1BE00105448 /* ViewController.h */ = {isa = PBXFileReference; fileEncoding = 4; lastKnownFileType = sourcecode.c.h; path = ViewController.h; sourceTree = "<group>"; };
		502238031B05A1BE00105448 /* ViewController.m */ = {isa = PBXFileReference; fileEncoding = 4; lastKnownFileType = sourcecode.c.objc; path = ViewController.m; sourceTree = "<group>"; };
		5040199D1AF73EBD0011BC56 /* NSDictionary+Helper.h */ = {isa = PBXFileReference; fileEncoding = 4; lastKnownFileType = sourcecode.c.h; path = "NSDictionary+Helper.h"; sourceTree = "<group>"; };
		5040199E1AF73EBD0011BC56 /* NSDictionary+Helper.m */ = {isa = PBXFileReference; fileEncoding = 4; lastKnownFileType = sourcecode.c.objc; path = "NSDictionary+Helper.m"; sourceTree = "<group>"; };
		50455CD21B1E201F00EB2415 /* libPods-LiveFrost.a */ = {isa = PBXFileReference; lastKnownFileType = archive.ar; name = "libPods-LiveFrost.a"; path = "Pods/../build/Debug-iphoneos/libPods-LiveFrost.a"; sourceTree = "<group>"; };
		50455CD41B1E202400EB2415 /* libPods.a */ = {isa = PBXFileReference; lastKnownFileType = archive.ar; name = libPods.a; path = "Pods/../build/Debug-iphoneos/libPods.a"; sourceTree = "<group>"; };
		50455CD61B1E220900EB2415 /* GoogleMaps.framework */ = {isa = PBXFileReference; lastKnownFileType = wrapper.framework; name = GoogleMaps.framework; path = FairFare/GoogleMaps.framework; sourceTree = "<group>"; };
		504C73481AD2ED1500661F5D /* ActionSheetCustomPicker.h */ = {isa = PBXFileReference; fileEncoding = 4; lastKnownFileType = sourcecode.c.h; path = ActionSheetCustomPicker.h; sourceTree = "<group>"; };
		504C73491AD2ED1500661F5D /* ActionSheetCustomPicker.m */ = {isa = PBXFileReference; fileEncoding = 4; lastKnownFileType = sourcecode.c.objc; path = ActionSheetCustomPicker.m; sourceTree = "<group>"; };
		504C734A1AD2ED1500661F5D /* ActionSheetCustomPickerDelegate.h */ = {isa = PBXFileReference; fileEncoding = 4; lastKnownFileType = sourcecode.c.h; path = ActionSheetCustomPickerDelegate.h; sourceTree = "<group>"; };
		504C734C1AD2EF1B00661F5D /* AbstractActionSheetPicker.h */ = {isa = PBXFileReference; fileEncoding = 4; lastKnownFileType = sourcecode.c.h; path = AbstractActionSheetPicker.h; sourceTree = "<group>"; };
		504C734D1AD2EF1B00661F5D /* AbstractActionSheetPicker.m */ = {isa = PBXFileReference; fileEncoding = 4; lastKnownFileType = sourcecode.c.objc; path = AbstractActionSheetPicker.m; sourceTree = "<group>"; };
		504C734F1AD2EF3F00661F5D /* SWActionSheet.h */ = {isa = PBXFileReference; fileEncoding = 4; lastKnownFileType = sourcecode.c.h; path = SWActionSheet.h; sourceTree = "<group>"; };
		504C73501AD2EF3F00661F5D /* SWActionSheet.m */ = {isa = PBXFileReference; fileEncoding = 4; lastKnownFileType = sourcecode.c.objc; path = SWActionSheet.m; sourceTree = "<group>"; };
		506059391AD264B200EDB895 /* FareCalculatorViewController.h */ = {isa = PBXFileReference; fileEncoding = 4; lastKnownFileType = sourcecode.c.h; path = FareCalculatorViewController.h; sourceTree = "<group>"; };
		5060593A1AD264B200EDB895 /* FareCalculatorViewController.m */ = {isa = PBXFileReference; fileEncoding = 4; lastKnownFileType = sourcecode.c.objc; path = FareCalculatorViewController.m; sourceTree = "<group>"; };
		50639BA21AF236EC00477E24 /* FairFare.xcdatamodel */ = {isa = PBXFileReference; lastKnownFileType = wrapper.xcdatamodel; path = FairFare.xcdatamodel; sourceTree = "<group>"; };
		50639BAB1AF23F3100477E24 /* Journey.h */ = {isa = PBXFileReference; fileEncoding = 4; lastKnownFileType = sourcecode.c.h; name = Journey.h; path = DBClasses/Journey.h; sourceTree = "<group>"; };
		50639BAC1AF23F3100477E24 /* Journey.m */ = {isa = PBXFileReference; fileEncoding = 4; lastKnownFileType = sourcecode.c.objc; name = Journey.m; path = DBClasses/Journey.m; sourceTree = "<group>"; };
		50639BB21AF240A700477E24 /* DataBaseManager.h */ = {isa = PBXFileReference; fileEncoding = 4; lastKnownFileType = sourcecode.c.h; name = DataBaseManager.h; path = DBHandlers/DataBaseManager.h; sourceTree = "<group>"; };
		50639BB31AF240A700477E24 /* DataBaseManager.m */ = {isa = PBXFileReference; fileEncoding = 4; lastKnownFileType = sourcecode.c.objc; name = DataBaseManager.m; path = DBHandlers/DataBaseManager.m; sourceTree = "<group>"; };
		50639BB41AF240A700477E24 /* NSManagedObject+Data.h */ = {isa = PBXFileReference; fileEncoding = 4; lastKnownFileType = sourcecode.c.h; name = "NSManagedObject+Data.h"; path = "DBHandlers/NSManagedObject+Data.h"; sourceTree = "<group>"; };
		50639BB51AF240A700477E24 /* NSManagedObject+Data.m */ = {isa = PBXFileReference; fileEncoding = 4; lastKnownFileType = sourcecode.c.objc; name = "NSManagedObject+Data.m"; path = "DBHandlers/NSManagedObject+Data.m"; sourceTree = "<group>"; };
		50639BB81AF245C800477E24 /* NSDate+Helper.h */ = {isa = PBXFileReference; fileEncoding = 4; lastKnownFileType = sourcecode.c.h; path = "NSDate+Helper.h"; sourceTree = "<group>"; };
		50639BB91AF245C800477E24 /* NSDate+Helper.m */ = {isa = PBXFileReference; fileEncoding = 4; lastKnownFileType = sourcecode.c.objc; path = "NSDate+Helper.m"; sourceTree = "<group>"; };
		50639BBB1AF247A400477E24 /* NSOBject+Utility.h */ = {isa = PBXFileReference; fileEncoding = 4; lastKnownFileType = sourcecode.c.h; path = "NSOBject+Utility.h"; sourceTree = "<group>"; };
		50639BBC1AF247A400477E24 /* NSOBject+Utility.m */ = {isa = PBXFileReference; fileEncoding = 4; lastKnownFileType = sourcecode.c.objc; path = "NSOBject+Utility.m"; sourceTree = "<group>"; };
		506813B61ACB00D500E79ADB /* FairFare-Prefix.pch */ = {isa = PBXFileReference; lastKnownFileType = sourcecode.c.h; path = "FairFare-Prefix.pch"; sourceTree = "<group>"; };
		506813B71ACB012400E79ADB /* Utils.h */ = {isa = PBXFileReference; fileEncoding = 4; lastKnownFileType = sourcecode.c.h; path = Utils.h; sourceTree = "<group>"; };
		507ACDC51ACBAC2500B743C0 /* LayoutManager.h */ = {isa = PBXFileReference; fileEncoding = 4; lastKnownFileType = sourcecode.c.h; path = LayoutManager.h; sourceTree = "<group>"; };
		507ACDC61ACBAC2500B743C0 /* LayoutManager.m */ = {isa = PBXFileReference; fileEncoding = 4; lastKnownFileType = sourcecode.c.objc; path = LayoutManager.m; sourceTree = "<group>"; };
		507FE5761B28C70700C7D4E4 /* checkbox.png */ = {isa = PBXFileReference; lastKnownFileType = image.png; path = checkbox.png; sourceTree = "<group>"; };
		507FE5771B28C70700C7D4E4 /* checkboxselected.png */ = {isa = PBXFileReference; lastKnownFileType = image.png; path = checkboxselected.png; sourceTree = "<group>"; };
		507FE5781B28C70700C7D4E4 /* DayFares.plist */ = {isa = PBXFileReference; fileEncoding = 4; lastKnownFileType = text.plist.xml; path = DayFares.plist; sourceTree = "<group>"; };
		507FE5791B28C70700C7D4E4 /* Default.png */ = {isa = PBXFileReference; lastKnownFileType = image.png; path = Default.png; sourceTree = "<group>"; };
		507FE57A1B28C70700C7D4E4 /* Default_Ratina.png */ = {isa = PBXFileReference; lastKnownFileType = image.png; path = Default_Ratina.png; sourceTree = "<group>"; };
		507FE57B1B28C70700C7D4E4 /* Fares.plist */ = {isa = PBXFileReference; fileEncoding = 4; lastKnownFileType = text.plist.xml; path = Fares.plist; sourceTree = "<group>"; };
		507FE57C1B28C70700C7D4E4 /* history.png */ = {isa = PBXFileReference; lastKnownFileType = image.png; path = history.png; sourceTree = "<group>"; };
		507FE57D1B28C70800C7D4E4 /* Let's go Digital Regular.ttf */ = {isa = PBXFileReference; lastKnownFileType = file; path = "Let's go Digital Regular.ttf"; sourceTree = "<group>"; };
		507FE57E1B28C70800C7D4E4 /* Locations Test.gpx */ = {isa = PBXFileReference; fileEncoding = 4; lastKnownFileType = text.xml; path = "Locations Test.gpx"; sourceTree = "<group>"; };
		507FE57F1B28C70800C7D4E4 /* Locations.gpx */ = {isa = PBXFileReference; fileEncoding = 4; lastKnownFileType = text.xml; path = Locations.gpx; sourceTree = "<group>"; };
		507FE5801B28C70800C7D4E4 /* logo.png */ = {isa = PBXFileReference; lastKnownFileType = image.png; path = logo.png; sourceTree = "<group>"; };
		507FE5811B28C70800C7D4E4 /* NavigationArrow.png */ = {isa = PBXFileReference; lastKnownFileType = image.png; path = NavigationArrow.png; sourceTree = "<group>"; };
		507FE5821B28C70800C7D4E4 /* NightFares.plist */ = {isa = PBXFileReference; fileEncoding = 4; lastKnownFileType = text.plist.xml; path = NightFares.plist; sourceTree = "<group>"; };
		507FE5831B28C70800C7D4E4 /* Providers.plist */ = {isa = PBXFileReference; fileEncoding = 4; lastKnownFileType = text.plist.xml; path = Providers.plist; sourceTree = "<group>"; };
		507FE5841B28C70800C7D4E4 /* Services.plist */ = {isa = PBXFileReference; fileEncoding = 4; lastKnownFileType = text.plist.xml; path = Services.plist; sourceTree = "<group>"; };
		507FE5851B28C70800C7D4E4 /* startjourney.png */ = {isa = PBXFileReference; lastKnownFileType = image.png; path = startjourney.png; sourceTree = "<group>"; };
		507FE5861B28C70800C7D4E4 /* stopbutton.png */ = {isa = PBXFileReference; lastKnownFileType = image.png; path = stopbutton.png; sourceTree = "<group>"; };
		507FE5871B28C70800C7D4E4 /* SubCategories.plist */ = {isa = PBXFileReference; fileEncoding = 4; lastKnownFileType = text.plist.xml; path = SubCategories.plist; sourceTree = "<group>"; };
		50874DCF1AD3F2D80060AB57 /* ContentManager.h */ = {isa = PBXFileReference; fileEncoding = 4; lastKnownFileType = sourcecode.c.h; path = ContentManager.h; sourceTree = "<group>"; };
		50874DD01AD3F2D80060AB57 /* ContentManager.m */ = {isa = PBXFileReference; fileEncoding = 4; lastKnownFileType = sourcecode.c.objc; path = ContentManager.m; sourceTree = "<group>"; };
		5088D47D1AD7ADC500A626E8 /* MapKit.framework */ = {isa = PBXFileReference; lastKnownFileType = wrapper.framework; name = MapKit.framework; path = System/Library/Frameworks/MapKit.framework; sourceTree = SDKROOT; };
		508B1EAE1AE0E7AD00086AAB /* YouPayViewController.h */ = {isa = PBXFileReference; fileEncoding = 4; lastKnownFileType = sourcecode.c.h; path = YouPayViewController.h; sourceTree = "<group>"; };
		508B1EAF1AE0E7AD00086AAB /* YouPayViewController.m */ = {isa = PBXFileReference; fileEncoding = 4; lastKnownFileType = sourcecode.c.objc; path = YouPayViewController.m; sourceTree = "<group>"; };
		50AD890D1AE58A9200F70956 /* InfoViewController.h */ = {isa = PBXFileReference; fileEncoding = 4; lastKnownFileType = sourcecode.c.h; path = InfoViewController.h; sourceTree = "<group>"; };
		50AD890E1AE58A9200F70956 /* InfoViewController.m */ = {isa = PBXFileReference; fileEncoding = 4; lastKnownFileType = sourcecode.c.objc; path = InfoViewController.m; sourceTree = "<group>"; };
		50AD890F1AE58A9200F70956 /* InfoViewController.xib */ = {isa = PBXFileReference; fileEncoding = 4; lastKnownFileType = file.xib; path = InfoViewController.xib; sourceTree = "<group>"; };
		50BC46011B00B54300F81239 /* Address.h */ = {isa = PBXFileReference; fileEncoding = 4; lastKnownFileType = sourcecode.c.h; name = Address.h; path = DBClasses/Address.h; sourceTree = "<group>"; };
		50BC46021B00B54300F81239 /* Address.m */ = {isa = PBXFileReference; fileEncoding = 4; lastKnownFileType = sourcecode.c.objc; name = Address.m; path = DBClasses/Address.m; sourceTree = "<group>"; };
		50C9EC201AC9C6F000D34A0B /* GoogleMaps.framework */ = {isa = PBXFileReference; lastKnownFileType = wrapper.framework; name = GoogleMaps.framework; path = FairFare/GoogleMaps.framework; sourceTree = "<group>"; };
		50C9EC221AC9C78400D34A0B /* GoogleMaps.bundle */ = {isa = PBXFileReference; lastKnownFileType = "wrapper.plug-in"; name = GoogleMaps.bundle; path = FairFare/GoogleMaps.framework/Versions/A/Resources/GoogleMaps.bundle; sourceTree = "<group>"; };
		50C9EC241AC9C8B600D34A0B /* AVFoundation.framework */ = {isa = PBXFileReference; lastKnownFileType = wrapper.framework; name = AVFoundation.framework; path = System/Library/Frameworks/AVFoundation.framework; sourceTree = SDKROOT; };
		50C9EC261AC9C8C400D34A0B /* CoreData.framework */ = {isa = PBXFileReference; lastKnownFileType = wrapper.framework; name = CoreData.framework; path = System/Library/Frameworks/CoreData.framework; sourceTree = SDKROOT; };
		50C9EC281AC9C8CE00D34A0B /* CoreLocation.framework */ = {isa = PBXFileReference; lastKnownFileType = wrapper.framework; name = CoreLocation.framework; path = System/Library/Frameworks/CoreLocation.framework; sourceTree = SDKROOT; };
		50C9EC2A1AC9C8D900D34A0B /* CoreText.framework */ = {isa = PBXFileReference; lastKnownFileType = wrapper.framework; name = CoreText.framework; path = System/Library/Frameworks/CoreText.framework; sourceTree = SDKROOT; };
		50C9EC2C1AC9C8E300D34A0B /* GLKit.framework */ = {isa = PBXFileReference; lastKnownFileType = wrapper.framework; name = GLKit.framework; path = System/Library/Frameworks/GLKit.framework; sourceTree = SDKROOT; };
		50C9EC2E1AC9C8F900D34A0B /* ImageIO.framework */ = {isa = PBXFileReference; lastKnownFileType = wrapper.framework; name = ImageIO.framework; path = System/Library/Frameworks/ImageIO.framework; sourceTree = SDKROOT; };
		50C9EC301AC9C92E00D34A0B /* libc++.dylib */ = {isa = PBXFileReference; lastKnownFileType = "compiled.mach-o.dylib"; name = "libc++.dylib"; path = "usr/lib/libc++.dylib"; sourceTree = SDKROOT; };
		50C9EC321AC9C93A00D34A0B /* libicucore.dylib */ = {isa = PBXFileReference; lastKnownFileType = "compiled.mach-o.dylib"; name = libicucore.dylib; path = usr/lib/libicucore.dylib; sourceTree = SDKROOT; };
		50C9EC341AC9C94400D34A0B /* libz.dylib */ = {isa = PBXFileReference; lastKnownFileType = "compiled.mach-o.dylib"; name = libz.dylib; path = usr/lib/libz.dylib; sourceTree = SDKROOT; };
		50C9EC361AC9C94F00D34A0B /* OpenGLES.framework */ = {isa = PBXFileReference; lastKnownFileType = wrapper.framework; name = OpenGLES.framework; path = System/Library/Frameworks/OpenGLES.framework; sourceTree = SDKROOT; };
		50C9EC381AC9C95B00D34A0B /* QuartzCore.framework */ = {isa = PBXFileReference; lastKnownFileType = wrapper.framework; name = QuartzCore.framework; path = System/Library/Frameworks/QuartzCore.framework; sourceTree = SDKROOT; };
		50C9EC3A1AC9C96300D34A0B /* SystemConfiguration.framework */ = {isa = PBXFileReference; lastKnownFileType = wrapper.framework; name = SystemConfiguration.framework; path = System/Library/Frameworks/SystemConfiguration.framework; sourceTree = SDKROOT; };
		50CB108D1ACAA907007CEF1A /* LocationShareModel.h */ = {isa = PBXFileReference; fileEncoding = 4; lastKnownFileType = sourcecode.c.h; path = LocationShareModel.h; sourceTree = "<group>"; };
		50CB108E1ACAA907007CEF1A /* LocationShareModel.m */ = {isa = PBXFileReference; fileEncoding = 4; lastKnownFileType = sourcecode.c.objc; path = LocationShareModel.m; sourceTree = "<group>"; };
		50CB109A1ACAA907007CEF1A /* Reachability.h */ = {isa = PBXFileReference; fileEncoding = 4; lastKnownFileType = sourcecode.c.h; path = Reachability.h; sourceTree = "<group>"; };
		50CB109B1ACAA907007CEF1A /* Reachability.m */ = {isa = PBXFileReference; fileEncoding = 4; lastKnownFileType = sourcecode.c.objc; path = Reachability.m; sourceTree = "<group>"; };
		50DA13621AF368E900A5295A /* AppDataBaseManager.h */ = {isa = PBXFileReference; fileEncoding = 4; lastKnownFileType = sourcecode.c.h; name = AppDataBaseManager.h; path = DBHandlers/AppDataBaseManager.h; sourceTree = "<group>"; };
		50DA13631AF368E900A5295A /* AppDataBaseManager.m */ = {isa = PBXFileReference; fileEncoding = 4; lastKnownFileType = sourcecode.c.objc; name = AppDataBaseManager.m; path = DBHandlers/AppDataBaseManager.m; sourceTree = "<group>"; };
		50E0BE7D1ACC408400F7D67B /* HistoryViewController.h */ = {isa = PBXFileReference; fileEncoding = 4; lastKnownFileType = sourcecode.c.h; path = HistoryViewController.h; sourceTree = "<group>"; };
		50E0BE7E1ACC408400F7D67B /* HistoryViewController.m */ = {isa = PBXFileReference; fileEncoding = 4; lastKnownFileType = sourcecode.c.objc; path = HistoryViewController.m; sourceTree = "<group>"; };
		50E0BE801ACC463A00F7D67B /* Utils.m */ = {isa = PBXFileReference; fileEncoding = 4; lastKnownFileType = sourcecode.c.objc; path = Utils.m; sourceTree = "<group>"; };
		50FD9EA71AD11F07002519A7 /* M13Checkbox.h */ = {isa = PBXFileReference; fileEncoding = 4; lastKnownFileType = sourcecode.c.h; path = M13Checkbox.h; sourceTree = "<group>"; };
		50FD9EA81AD11F07002519A7 /* M13Checkbox.m */ = {isa = PBXFileReference; fileEncoding = 4; lastKnownFileType = sourcecode.c.objc; path = M13Checkbox.m; sourceTree = "<group>"; };
		619B2155FA25487598D74AEE /* Pods.release.xcconfig */ = {isa = PBXFileReference; includeInIndex = 1; lastKnownFileType = text.xcconfig; name = Pods.release.xcconfig; path = "Pods/Target Support Files/Pods/Pods.release.xcconfig"; sourceTree = "<group>"; };
/* End PBXFileReference section */

/* Begin PBXFrameworksBuildPhase section */
		501BB52B1AC4012E0066CA3D /* Frameworks */ = {
			isa = PBXFrameworksBuildPhase;
			buildActionMask = 2147483647;
			files = (
				50455CD51B1E202400EB2415 /* libPods.a in Frameworks */,
				50455CD31B1E201F00EB2415 /* libPods-LiveFrost.a in Frameworks */,
				502051221B1842A7007F2560 /* CoreMotion.framework in Frameworks */,
				502051201B18429B007F2560 /* CoreMedia.framework in Frameworks */,
				5088D47E1AD7ADC500A626E8 /* MapKit.framework in Frameworks */,
				50C9EC3B1AC9C96300D34A0B /* SystemConfiguration.framework in Frameworks */,
				50C9EC391AC9C95B00D34A0B /* QuartzCore.framework in Frameworks */,
				50C9EC371AC9C94F00D34A0B /* OpenGLES.framework in Frameworks */,
				50C9EC351AC9C94400D34A0B /* libz.dylib in Frameworks */,
				50C9EC331AC9C93A00D34A0B /* libicucore.dylib in Frameworks */,
				50C9EC311AC9C92E00D34A0B /* libc++.dylib in Frameworks */,
				50C9EC2F1AC9C8F900D34A0B /* ImageIO.framework in Frameworks */,
				50C9EC2D1AC9C8E300D34A0B /* GLKit.framework in Frameworks */,
				50C9EC2B1AC9C8D900D34A0B /* CoreText.framework in Frameworks */,
				50C9EC291AC9C8CE00D34A0B /* CoreLocation.framework in Frameworks */,
				50C9EC271AC9C8C400D34A0B /* CoreData.framework in Frameworks */,
				50C9EC251AC9C8B600D34A0B /* AVFoundation.framework in Frameworks */,
				5020511E1B183E1E007F2560 /* libTestFairy.a in Frameworks */,
				50455CD71B1E220900EB2415 /* GoogleMaps.framework in Frameworks */,
				50C9EC211AC9C6F000D34A0B /* GoogleMaps.framework in Frameworks */,
			);
			runOnlyForDeploymentPostprocessing = 0;
		};
		501BB5441AC4012E0066CA3D /* Frameworks */ = {
			isa = PBXFrameworksBuildPhase;
			buildActionMask = 2147483647;
			files = (
			);
			runOnlyForDeploymentPostprocessing = 0;
		};
/* End PBXFrameworksBuildPhase section */

/* Begin PBXGroup section */
		43BF5E6EB3A3C09DEA8F9C4E /* Pods */ = {
			isa = PBXGroup;
			children = (
				37E4AC61D3D0F475B7B47AB5 /* Pods.debug.xcconfig */,
				619B2155FA25487598D74AEE /* Pods.release.xcconfig */,
			);
			name = Pods;
			sourceTree = "<group>";
		};
		501BB5251AC4012E0066CA3D = {
			isa = PBXGroup;
			children = (
				506813B61ACB00D500E79ADB /* FairFare-Prefix.pch */,
				501BB5301AC4012E0066CA3D /* FairFare */,
				501BB54A1AC4012E0066CA3D /* FairFareTests */,
				501BB52F1AC4012E0066CA3D /* Products */,
				43BF5E6EB3A3C09DEA8F9C4E /* Pods */,
				8E049CFCBC1D7663B3EE9037 /* Frameworks */,
			);
			sourceTree = "<group>";
		};
		501BB52F1AC4012E0066CA3D /* Products */ = {
			isa = PBXGroup;
			children = (
				501BB52E1AC4012E0066CA3D /* FairFare.app */,
				501BB5471AC4012E0066CA3D /* FairFareTests.xctest */,
			);
			name = Products;
			sourceTree = "<group>";
		};
		501BB5301AC4012E0066CA3D /* FairFare */ = {
			isa = PBXGroup;
			children = (
				507FE5751B28C70700C7D4E4 /* Assets */,
				5020511B1B183E1E007F2560 /* TestFairy */,
				50639BA41AF23E3500477E24 /* DBClasses */,
				50639BA11AF236EC00477E24 /* FairFare.xcdatamodeld */,
				50E0BE7C1ACC405300F7D67B /* ViewController */,
				50CB10761ACAA907007CEF1A /* Utils */,
				501BB5351AC4012E0066CA3D /* AppDelegate.h */,
				501BB5361AC4012E0066CA3D /* AppDelegate.m */,
				501BB53B1AC4012E0066CA3D /* Main.storyboard */,
				501BB53E1AC4012E0066CA3D /* Images.xcassets */,
				501BB5401AC4012E0066CA3D /* LaunchScreen.xib */,
				501BB5311AC4012E0066CA3D /* Supporting Files */,
			);
			path = FairFare;
			sourceTree = "<group>";
		};
		501BB5311AC4012E0066CA3D /* Supporting Files */ = {
			isa = PBXGroup;
			children = (
				501BB5321AC4012E0066CA3D /* Info.plist */,
				501BB5331AC4012E0066CA3D /* main.m */,
			);
			name = "Supporting Files";
			sourceTree = "<group>";
		};
		501BB54A1AC4012E0066CA3D /* FairFareTests */ = {
			isa = PBXGroup;
			children = (
				501BB54D1AC4012E0066CA3D /* FairFareTests.m */,
				501BB54B1AC4012E0066CA3D /* Supporting Files */,
			);
			path = FairFareTests;
			sourceTree = "<group>";
		};
		501BB54B1AC4012E0066CA3D /* Supporting Files */ = {
			isa = PBXGroup;
			children = (
				501BB54C1AC4012E0066CA3D /* Info.plist */,
			);
			name = "Supporting Files";
			sourceTree = "<group>";
		};
		5020511B1B183E1E007F2560 /* TestFairy */ = {
			isa = PBXGroup;
			children = (
				5020511C1B183E1E007F2560 /* libTestFairy.a */,
				5020511D1B183E1E007F2560 /* TestFairy.h */,
			);
			path = TestFairy;
			sourceTree = "<group>";
		};
		50639BA41AF23E3500477E24 /* DBClasses */ = {
			isa = PBXGroup;
			children = (
				50BC46011B00B54300F81239 /* Address.h */,
				50BC46021B00B54300F81239 /* Address.m */,
				50639BAB1AF23F3100477E24 /* Journey.h */,
				50639BAC1AF23F3100477E24 /* Journey.m */,
			);
			name = DBClasses;
			sourceTree = "<group>";
		};
		50639BB11AF2404600477E24 /* DBHandlers */ = {
			isa = PBXGroup;
			children = (
				5040199D1AF73EBD0011BC56 /* NSDictionary+Helper.h */,
				5040199E1AF73EBD0011BC56 /* NSDictionary+Helper.m */,
				50639BB21AF240A700477E24 /* DataBaseManager.h */,
				50639BB31AF240A700477E24 /* DataBaseManager.m */,
				50639BB41AF240A700477E24 /* NSManagedObject+Data.h */,
				50639BB51AF240A700477E24 /* NSManagedObject+Data.m */,
				50DA13621AF368E900A5295A /* AppDataBaseManager.h */,
				50DA13631AF368E900A5295A /* AppDataBaseManager.m */,
			);
			name = DBHandlers;
			sourceTree = "<group>";
		};
		507FE5751B28C70700C7D4E4 /* Assets */ = {
			isa = PBXGroup;
			children = (
				507FE5761B28C70700C7D4E4 /* checkbox.png */,
				507FE5771B28C70700C7D4E4 /* checkboxselected.png */,
				507FE5781B28C70700C7D4E4 /* DayFares.plist */,
				507FE5791B28C70700C7D4E4 /* Default.png */,
				507FE57A1B28C70700C7D4E4 /* Default_Ratina.png */,
				507FE57B1B28C70700C7D4E4 /* Fares.plist */,
				507FE57C1B28C70700C7D4E4 /* history.png */,
				507FE57D1B28C70800C7D4E4 /* Let's go Digital Regular.ttf */,
				507FE57E1B28C70800C7D4E4 /* Locations Test.gpx */,
				507FE57F1B28C70800C7D4E4 /* Locations.gpx */,
				507FE5801B28C70800C7D4E4 /* logo.png */,
				507FE5811B28C70800C7D4E4 /* NavigationArrow.png */,
				507FE5821B28C70800C7D4E4 /* NightFares.plist */,
				507FE5831B28C70800C7D4E4 /* Providers.plist */,
				507FE5841B28C70800C7D4E4 /* Services.plist */,
				507FE5851B28C70800C7D4E4 /* startjourney.png */,
				507FE5861B28C70800C7D4E4 /* stopbutton.png */,
				507FE5871B28C70800C7D4E4 /* SubCategories.plist */,
			);
			path = Assets;
			sourceTree = "<group>";
		};
		50CB10761ACAA907007CEF1A /* Utils */ = {
			isa = PBXGroup;
			children = (
				50639BBB1AF247A400477E24 /* NSOBject+Utility.h */,
				50639BBC1AF247A400477E24 /* NSOBject+Utility.m */,
				50639BB81AF245C800477E24 /* NSDate+Helper.h */,
				50639BB91AF245C800477E24 /* NSDate+Helper.m */,
				50639BB11AF2404600477E24 /* DBHandlers */,
				504C734F1AD2EF3F00661F5D /* SWActionSheet.h */,
				504C73501AD2EF3F00661F5D /* SWActionSheet.m */,
				504C734C1AD2EF1B00661F5D /* AbstractActionSheetPicker.h */,
				504C734D1AD2EF1B00661F5D /* AbstractActionSheetPicker.m */,
				504C73481AD2ED1500661F5D /* ActionSheetCustomPicker.h */,
				504C73491AD2ED1500661F5D /* ActionSheetCustomPicker.m */,
				504C734A1AD2ED1500661F5D /* ActionSheetCustomPickerDelegate.h */,
				50FD9EA71AD11F07002519A7 /* M13Checkbox.h */,
				50FD9EA81AD11F07002519A7 /* M13Checkbox.m */,
				507ACDC51ACBAC2500B743C0 /* LayoutManager.h */,
				507ACDC61ACBAC2500B743C0 /* LayoutManager.m */,
				50CB108D1ACAA907007CEF1A /* LocationShareModel.h */,
				50CB108E1ACAA907007CEF1A /* LocationShareModel.m */,
				50CB109A1ACAA907007CEF1A /* Reachability.h */,
				50CB109B1ACAA907007CEF1A /* Reachability.m */,
				506813B71ACB012400E79ADB /* Utils.h */,
				50E0BE801ACC463A00F7D67B /* Utils.m */,
				50874DCF1AD3F2D80060AB57 /* ContentManager.h */,
				50874DD01AD3F2D80060AB57 /* ContentManager.m */,
			);
			path = Utils;
			sourceTree = "<group>";
		};
		50E0BE7C1ACC405300F7D67B /* ViewController */ = {
			isa = PBXGroup;
			children = (
				502238021B05A1BE00105448 /* ViewController.h */,
				502238031B05A1BE00105448 /* ViewController.m */,
				50E0BE7D1ACC408400F7D67B /* HistoryViewController.h */,
				50E0BE7E1ACC408400F7D67B /* HistoryViewController.m */,
				506059391AD264B200EDB895 /* FareCalculatorViewController.h */,
				5060593A1AD264B200EDB895 /* FareCalculatorViewController.m */,
				508B1EAE1AE0E7AD00086AAB /* YouPayViewController.h */,
				508B1EAF1AE0E7AD00086AAB /* YouPayViewController.m */,
				50AD890D1AE58A9200F70956 /* InfoViewController.h */,
				50AD890E1AE58A9200F70956 /* InfoViewController.m */,
				50AD890F1AE58A9200F70956 /* InfoViewController.xib */,
			);
			path = ViewController;
			sourceTree = "<group>";
		};
		8E049CFCBC1D7663B3EE9037 /* Frameworks */ = {
			isa = PBXGroup;
			children = (
				50455CD61B1E220900EB2415 /* GoogleMaps.framework */,
				50455CD41B1E202400EB2415 /* libPods.a */,
				50455CD21B1E201F00EB2415 /* libPods-LiveFrost.a */,
				502051211B1842A7007F2560 /* CoreMotion.framework */,
				5020511F1B18429B007F2560 /* CoreMedia.framework */,
				50C9EC221AC9C78400D34A0B /* GoogleMaps.bundle */,
				50C9EC201AC9C6F000D34A0B /* GoogleMaps.framework */,
				50C9EC3A1AC9C96300D34A0B /* SystemConfiguration.framework */,
				50C9EC381AC9C95B00D34A0B /* QuartzCore.framework */,
				50C9EC361AC9C94F00D34A0B /* OpenGLES.framework */,
				50C9EC341AC9C94400D34A0B /* libz.dylib */,
				50C9EC321AC9C93A00D34A0B /* libicucore.dylib */,
				50C9EC301AC9C92E00D34A0B /* libc++.dylib */,
				50C9EC2E1AC9C8F900D34A0B /* ImageIO.framework */,
				50C9EC2C1AC9C8E300D34A0B /* GLKit.framework */,
				50C9EC2A1AC9C8D900D34A0B /* CoreText.framework */,
				50C9EC281AC9C8CE00D34A0B /* CoreLocation.framework */,
				50C9EC261AC9C8C400D34A0B /* CoreData.framework */,
				50C9EC241AC9C8B600D34A0B /* AVFoundation.framework */,
				5088D47D1AD7ADC500A626E8 /* MapKit.framework */,
			);
			name = Frameworks;
			sourceTree = "<group>";
		};
/* End PBXGroup section */

/* Begin PBXNativeTarget section */
		501BB52D1AC4012E0066CA3D /* FairFare */ = {
			isa = PBXNativeTarget;
			buildConfigurationList = 501BB5511AC4012E0066CA3D /* Build configuration list for PBXNativeTarget "FairFare" */;
			buildPhases = (
				67AD33D06059F9ED7B463FAF /* Check Pods Manifest.lock */,
				501BB52A1AC4012E0066CA3D /* Sources */,
				501BB52B1AC4012E0066CA3D /* Frameworks */,
				501BB52C1AC4012E0066CA3D /* Resources */,
				BDF1F87CAA573F8D8D5F0CEC /* Copy Pods Resources */,
			);
			buildRules = (
			);
			dependencies = (
			);
			name = FairFare;
			productName = FairFare;
			productReference = 501BB52E1AC4012E0066CA3D /* FairFare.app */;
			productType = "com.apple.product-type.application";
		};
		501BB5461AC4012E0066CA3D /* FairFareTests */ = {
			isa = PBXNativeTarget;
			buildConfigurationList = 501BB5541AC4012E0066CA3D /* Build configuration list for PBXNativeTarget "FairFareTests" */;
			buildPhases = (
				501BB5431AC4012E0066CA3D /* Sources */,
				501BB5441AC4012E0066CA3D /* Frameworks */,
				501BB5451AC4012E0066CA3D /* Resources */,
			);
			buildRules = (
			);
			dependencies = (
				501BB5491AC4012E0066CA3D /* PBXTargetDependency */,
			);
			name = FairFareTests;
			productName = FairFareTests;
			productReference = 501BB5471AC4012E0066CA3D /* FairFareTests.xctest */;
			productType = "com.apple.product-type.bundle.unit-test";
		};
/* End PBXNativeTarget section */

/* Begin PBXProject section */
		501BB5261AC4012E0066CA3D /* Project object */ = {
			isa = PBXProject;
			attributes = {
				LastUpgradeCheck = 0620;
				ORGANIZATIONNAME = dhaneshs;
				TargetAttributes = {
					501BB52D1AC4012E0066CA3D = {
						CreatedOnToolsVersion = 6.2;
						DevelopmentTeam = GY84S9P9XS;
						SystemCapabilities = {
							com.apple.BackgroundModes = {
								enabled = 1;
							};
							com.apple.Maps.iOS = {
								enabled = 0;
							};
						};
					};
					501BB5461AC4012E0066CA3D = {
						CreatedOnToolsVersion = 6.2;
						TestTargetID = 501BB52D1AC4012E0066CA3D;
					};
				};
			};
			buildConfigurationList = 501BB5291AC4012E0066CA3D /* Build configuration list for PBXProject "FairFare" */;
			compatibilityVersion = "Xcode 3.2";
			developmentRegion = English;
			hasScannedForEncodings = 0;
			knownRegions = (
				en,
				Base,
			);
			mainGroup = 501BB5251AC4012E0066CA3D;
			productRefGroup = 501BB52F1AC4012E0066CA3D /* Products */;
			projectDirPath = "";
			projectRoot = "";
			targets = (
				501BB52D1AC4012E0066CA3D /* FairFare */,
				501BB5461AC4012E0066CA3D /* FairFareTests */,
			);
		};
/* End PBXProject section */

/* Begin PBXResourcesBuildPhase section */
		501BB52C1AC4012E0066CA3D /* Resources */ = {
			isa = PBXResourcesBuildPhase;
			buildActionMask = 2147483647;
			files = (
				507FE5961B28C70800C7D4E4 /* Services.plist in Resources */,
				507FE58E1B28C70800C7D4E4 /* history.png in Resources */,
				501BB53D1AC4012E0066CA3D /* Main.storyboard in Resources */,
				507FE58B1B28C70800C7D4E4 /* Default.png in Resources */,
				507FE5981B28C70800C7D4E4 /* stopbutton.png in Resources */,
				501BB5421AC4012E0066CA3D /* LaunchScreen.xib in Resources */,
				507FE5881B28C70800C7D4E4 /* checkbox.png in Resources */,
				507FE5911B28C70800C7D4E4 /* Locations.gpx in Resources */,
				501BB53F1AC4012E0066CA3D /* Images.xcassets in Resources */,
				50AD89111AE58A9200F70956 /* InfoViewController.xib in Resources */,
				507FE5901B28C70800C7D4E4 /* Locations Test.gpx in Resources */,
				507FE5891B28C70800C7D4E4 /* checkboxselected.png in Resources */,
				507FE58F1B28C70800C7D4E4 /* Let's go Digital Regular.ttf in Resources */,
				507FE5991B28C70800C7D4E4 /* SubCategories.plist in Resources */,
				507FE5971B28C70800C7D4E4 /* startjourney.png in Resources */,
				507FE58D1B28C70800C7D4E4 /* Fares.plist in Resources */,
				507FE5921B28C70800C7D4E4 /* logo.png in Resources */,
				507FE5951B28C70800C7D4E4 /* Providers.plist in Resources */,
				507FE5941B28C70800C7D4E4 /* NightFares.plist in Resources */,
				50C9EC231AC9C78400D34A0B /* GoogleMaps.bundle in Resources */,
				507FE58C1B28C70800C7D4E4 /* Default_Ratina.png in Resources */,
				507FE5931B28C70800C7D4E4 /* NavigationArrow.png in Resources */,
				507FE58A1B28C70800C7D4E4 /* DayFares.plist in Resources */,
			);
			runOnlyForDeploymentPostprocessing = 0;
		};
		501BB5451AC4012E0066CA3D /* Resources */ = {
			isa = PBXResourcesBuildPhase;
			buildActionMask = 2147483647;
			files = (
			);
			runOnlyForDeploymentPostprocessing = 0;
		};
/* End PBXResourcesBuildPhase section */

/* Begin PBXShellScriptBuildPhase section */
		67AD33D06059F9ED7B463FAF /* Check Pods Manifest.lock */ = {
			isa = PBXShellScriptBuildPhase;
			buildActionMask = 2147483647;
			files = (
			);
			inputPaths = (
			);
			name = "Check Pods Manifest.lock";
			outputPaths = (
			);
			runOnlyForDeploymentPostprocessing = 0;
			shellPath = /bin/sh;
			shellScript = "diff \"${PODS_ROOT}/../Podfile.lock\" \"${PODS_ROOT}/Manifest.lock\" > /dev/null\nif [[ $? != 0 ]] ; then\n    cat << EOM\nerror: The sandbox is not in sync with the Podfile.lock. Run 'pod install' or update your CocoaPods installation.\nEOM\n    exit 1\nfi\n";
			showEnvVarsInLog = 0;
		};
		BDF1F87CAA573F8D8D5F0CEC /* Copy Pods Resources */ = {
			isa = PBXShellScriptBuildPhase;
			buildActionMask = 2147483647;
			files = (
			);
			inputPaths = (
			);
			name = "Copy Pods Resources";
			outputPaths = (
			);
			runOnlyForDeploymentPostprocessing = 0;
			shellPath = /bin/sh;
			shellScript = "\"${SRCROOT}/Pods/Target Support Files/Pods/Pods-resources.sh\"\n";
			showEnvVarsInLog = 0;
		};
/* End PBXShellScriptBuildPhase section */

/* Begin PBXSourcesBuildPhase section */
		501BB52A1AC4012E0066CA3D /* Sources */ = {
			isa = PBXSourcesBuildPhase;
			buildActionMask = 2147483647;
			files = (
				5040199F1AF73EBD0011BC56 /* NSDictionary+Helper.m in Sources */,
				501BB5371AC4012E0066CA3D /* AppDelegate.m in Sources */,
				50BC46031B00B54300F81239 /* Address.m in Sources */,
				50639BB71AF240A700477E24 /* NSManagedObject+Data.m in Sources */,
				504C734B1AD2ED1500661F5D /* ActionSheetCustomPicker.m in Sources */,
				50639BB61AF240A700477E24 /* DataBaseManager.m in Sources */,
				504C734E1AD2EF1B00661F5D /* AbstractActionSheetPicker.m in Sources */,
				50639BAF1AF23F3100477E24 /* Journey.m in Sources */,
				50FD9EA91AD11F07002519A7 /* M13Checkbox.m in Sources */,
				501BB5341AC4012E0066CA3D /* main.m in Sources */,
				50639BA31AF236EC00477E24 /* FairFare.xcdatamodeld in Sources */,
				50E0BE811ACC463A00F7D67B /* Utils.m in Sources */,
				507ACDC71ACBAC2500B743C0 /* LayoutManager.m in Sources */,
				50639BBD1AF247A400477E24 /* NSOBject+Utility.m in Sources */,
				5060593B1AD264B200EDB895 /* FareCalculatorViewController.m in Sources */,
				50639BBA1AF245C800477E24 /* NSDate+Helper.m in Sources */,
				50DA13641AF368E900A5295A /* AppDataBaseManager.m in Sources */,
				50874DD11AD3F2D80060AB57 /* ContentManager.m in Sources */,
				50AD89101AE58A9200F70956 /* InfoViewController.m in Sources */,
				50CB10AE1ACAA907007CEF1A /* Reachability.m in Sources */,
				504C73511AD2EF3F00661F5D /* SWActionSheet.m in Sources */,
				50E0BE7F1ACC408400F7D67B /* HistoryViewController.m in Sources */,
				508B1EB01AE0E7AD00086AAB /* YouPayViewController.m in Sources */,
				50CB10A81ACAA907007CEF1A /* LocationShareModel.m in Sources */,
				502238041B05A1BE00105448 /* ViewController.m in Sources */,
			);
			runOnlyForDeploymentPostprocessing = 0;
		};
		501BB5431AC4012E0066CA3D /* Sources */ = {
			isa = PBXSourcesBuildPhase;
			buildActionMask = 2147483647;
			files = (
				501BB54E1AC4012E0066CA3D /* FairFareTests.m in Sources */,
			);
			runOnlyForDeploymentPostprocessing = 0;
		};
/* End PBXSourcesBuildPhase section */

/* Begin PBXTargetDependency section */
		501BB5491AC4012E0066CA3D /* PBXTargetDependency */ = {
			isa = PBXTargetDependency;
			target = 501BB52D1AC4012E0066CA3D /* FairFare */;
			targetProxy = 501BB5481AC4012E0066CA3D /* PBXContainerItemProxy */;
		};
/* End PBXTargetDependency section */

/* Begin PBXVariantGroup section */
		501BB53B1AC4012E0066CA3D /* Main.storyboard */ = {
			isa = PBXVariantGroup;
			children = (
				501BB53C1AC4012E0066CA3D /* Base */,
			);
			name = Main.storyboard;
			sourceTree = "<group>";
		};
		501BB5401AC4012E0066CA3D /* LaunchScreen.xib */ = {
			isa = PBXVariantGroup;
			children = (
				501BB5411AC4012E0066CA3D /* Base */,
			);
			name = LaunchScreen.xib;
			sourceTree = "<group>";
		};
/* End PBXVariantGroup section */

/* Begin XCBuildConfiguration section */
		501BB54F1AC4012E0066CA3D /* Debug */ = {
			isa = XCBuildConfiguration;
			buildSettings = {
				ALWAYS_SEARCH_USER_PATHS = NO;
				CLANG_CXX_LANGUAGE_STANDARD = "gnu++0x";
				CLANG_CXX_LIBRARY = "libc++";
				CLANG_ENABLE_MODULES = YES;
				CLANG_ENABLE_OBJC_ARC = YES;
				CLANG_WARN_BOOL_CONVERSION = YES;
				CLANG_WARN_CONSTANT_CONVERSION = YES;
				CLANG_WARN_DIRECT_OBJC_ISA_USAGE = YES_ERROR;
				CLANG_WARN_EMPTY_BODY = YES;
				CLANG_WARN_ENUM_CONVERSION = YES;
				CLANG_WARN_INT_CONVERSION = YES;
				CLANG_WARN_OBJC_ROOT_CLASS = YES_ERROR;
				CLANG_WARN_UNREACHABLE_CODE = YES;
				CLANG_WARN__DUPLICATE_METHOD_MATCH = YES;
				CODE_SIGN_IDENTITY = "iPhone Developer: Chandrashekar Sivaram (32N7DN84JK)";
				"CODE_SIGN_IDENTITY[sdk=iphoneos*]" = "iPhone Developer: Chandrashekar Sivaram (32N7DN84JK)";
				COPY_PHASE_STRIP = NO;
				ENABLE_STRICT_OBJC_MSGSEND = YES;
				GCC_C_LANGUAGE_STANDARD = gnu99;
				GCC_DYNAMIC_NO_PIC = NO;
				GCC_OPTIMIZATION_LEVEL = 0;
				GCC_PREPROCESSOR_DEFINITIONS = (
					"DEBUG=1",
					"$(inherited)",
				);
				GCC_SYMBOLS_PRIVATE_EXTERN = NO;
				GCC_WARN_64_TO_32_BIT_CONVERSION = YES;
				GCC_WARN_ABOUT_RETURN_TYPE = YES_ERROR;
				GCC_WARN_UNDECLARED_SELECTOR = YES;
				GCC_WARN_UNINITIALIZED_AUTOS = YES_AGGRESSIVE;
				GCC_WARN_UNUSED_FUNCTION = YES;
				GCC_WARN_UNUSED_VARIABLE = YES;
				IPHONEOS_DEPLOYMENT_TARGET = 7.0;
				MTL_ENABLE_DEBUG_INFO = YES;
				ONLY_ACTIVE_ARCH = YES;
				OTHER_LDFLAGS = "-ObjC";
				PROVISIONING_PROFILE = "775fafe9-c44e-4a0a-8082-01dcfe6b0dcf";
				SDKROOT = iphoneos;
			};
			name = Debug;
		};
		501BB5501AC4012E0066CA3D /* Release */ = {
			isa = XCBuildConfiguration;
			buildSettings = {
				ALWAYS_SEARCH_USER_PATHS = NO;
				CLANG_CXX_LANGUAGE_STANDARD = "gnu++0x";
				CLANG_CXX_LIBRARY = "libc++";
				CLANG_ENABLE_MODULES = YES;
				CLANG_ENABLE_OBJC_ARC = YES;
				CLANG_WARN_BOOL_CONVERSION = YES;
				CLANG_WARN_CONSTANT_CONVERSION = YES;
				CLANG_WARN_DIRECT_OBJC_ISA_USAGE = YES_ERROR;
				CLANG_WARN_EMPTY_BODY = YES;
				CLANG_WARN_ENUM_CONVERSION = YES;
				CLANG_WARN_INT_CONVERSION = YES;
				CLANG_WARN_OBJC_ROOT_CLASS = YES_ERROR;
				CLANG_WARN_UNREACHABLE_CODE = YES;
				CLANG_WARN__DUPLICATE_METHOD_MATCH = YES;
				CODE_SIGN_IDENTITY = "iPhone Developer: Chandrashekar Sivaram (32N7DN84JK)";
				"CODE_SIGN_IDENTITY[sdk=iphoneos*]" = "iPhone Developer: Chandrashekar Sivaram (32N7DN84JK)";
				COPY_PHASE_STRIP = NO;
				ENABLE_NS_ASSERTIONS = NO;
				ENABLE_STRICT_OBJC_MSGSEND = YES;
				GCC_C_LANGUAGE_STANDARD = gnu99;
				GCC_WARN_64_TO_32_BIT_CONVERSION = YES;
				GCC_WARN_ABOUT_RETURN_TYPE = YES_ERROR;
				GCC_WARN_UNDECLARED_SELECTOR = YES;
				GCC_WARN_UNINITIALIZED_AUTOS = YES_AGGRESSIVE;
				GCC_WARN_UNUSED_FUNCTION = YES;
				GCC_WARN_UNUSED_VARIABLE = YES;
				IPHONEOS_DEPLOYMENT_TARGET = 7.0;
				MTL_ENABLE_DEBUG_INFO = NO;
				OTHER_LDFLAGS = "-ObjC";
				PROVISIONING_PROFILE = "775fafe9-c44e-4a0a-8082-01dcfe6b0dcf";
				SDKROOT = iphoneos;
				VALIDATE_PRODUCT = YES;
			};
			name = Release;
		};
		501BB5521AC4012E0066CA3D /* Debug */ = {
			isa = XCBuildConfiguration;
			baseConfigurationReference = 37E4AC61D3D0F475B7B47AB5 /* Pods.debug.xcconfig */;
			buildSettings = {
				ASSETCATALOG_COMPILER_APPICON_NAME = AppIcon;
				ASSETCATALOG_COMPILER_LAUNCHIMAGE_NAME = LaunchImage;
				CODE_SIGN_IDENTITY = "iPhone Developer: Chandrashekar Sivaram (32N7DN84JK)";
				"CODE_SIGN_IDENTITY[sdk=iphoneos*]" = "iPhone Developer: Chandrashekar Sivaram (32N7DN84JK)";
				FRAMEWORK_SEARCH_PATHS = (
					"$(inherited)",
					"$(PROJECT_DIR)/FairFare",
				);
				GCC_PREFIX_HEADER = "$(SRCROOT)/FairFare-Prefix.pch";
				INFOPLIST_FILE = FairFare/Info.plist;
				IPHONEOS_DEPLOYMENT_TARGET = 7.0;
				LD_RUNPATH_SEARCH_PATHS = "$(inherited) @executable_path/Frameworks";
				LIBRARY_SEARCH_PATHS = (
					"$(inherited)",
					"$(SRCROOT)",
					"$(PROJECT_DIR)/FairFare/TestFairy",
				);
				ONLY_ACTIVE_ARCH = YES;
				OTHER_LDFLAGS = "$(inherited)";
				PRODUCT_NAME = "$(TARGET_NAME)";
				PROVISIONING_PROFILE = "775fafe9-c44e-4a0a-8082-01dcfe6b0dcf";
				TARGETED_DEVICE_FAMILY = 1;
			};
			name = Debug;
		};
		501BB5531AC4012E0066CA3D /* Release */ = {
			isa = XCBuildConfiguration;
			baseConfigurationReference = 619B2155FA25487598D74AEE /* Pods.release.xcconfig */;
			buildSettings = {
				ASSETCATALOG_COMPILER_APPICON_NAME = AppIcon;
				ASSETCATALOG_COMPILER_LAUNCHIMAGE_NAME = LaunchImage;
				CODE_SIGN_IDENTITY = "iPhone Developer: Chandrashekar Sivaram (32N7DN84JK)";
				"CODE_SIGN_IDENTITY[sdk=iphoneos*]" = "iPhone Developer: Chandrashekar Sivaram (32N7DN84JK)";
				FRAMEWORK_SEARCH_PATHS = (
					"$(inherited)",
					"$(PROJECT_DIR)/FairFare",
				);
				GCC_PREFIX_HEADER = "$(SRCROOT)/FairFare-Prefix.pch";
				INFOPLIST_FILE = FairFare/Info.plist;
				IPHONEOS_DEPLOYMENT_TARGET = 7.0;
				LD_RUNPATH_SEARCH_PATHS = "$(inherited) @executable_path/Frameworks";
				LIBRARY_SEARCH_PATHS = (
					"$(inherited)",
					"$(SRCROOT)",
					"$(PROJECT_DIR)/FairFare/TestFairy",
				);
				ONLY_ACTIVE_ARCH = YES;
				OTHER_LDFLAGS = "$(inherited)";
				PRODUCT_NAME = "$(TARGET_NAME)";
				PROVISIONING_PROFILE = "775fafe9-c44e-4a0a-8082-01dcfe6b0dcf";
				TARGETED_DEVICE_FAMILY = 1;
			};
			name = Release;
		};
		501BB5551AC4012E0066CA3D /* Debug */ = {
			isa = XCBuildConfiguration;
			buildSettings = {
				BUNDLE_LOADER = "$(TEST_HOST)";
				FRAMEWORK_SEARCH_PATHS = (
					"$(SDKROOT)/Developer/Library/Frameworks",
					"$(inherited)",
				);
				GCC_PREPROCESSOR_DEFINITIONS = (
					"DEBUG=1",
					"$(inherited)",
				);
				INFOPLIST_FILE = FairFareTests/Info.plist;
				LD_RUNPATH_SEARCH_PATHS = "$(inherited) @executable_path/Frameworks @loader_path/Frameworks";
				PRODUCT_NAME = "$(TARGET_NAME)";
				TEST_HOST = "$(BUILT_PRODUCTS_DIR)/FairFare.app/FairFare";
			};
			name = Debug;
		};
		501BB5561AC4012E0066CA3D /* Release */ = {
			isa = XCBuildConfiguration;
			buildSettings = {
				BUNDLE_LOADER = "$(TEST_HOST)";
				FRAMEWORK_SEARCH_PATHS = (
					"$(SDKROOT)/Developer/Library/Frameworks",
					"$(inherited)",
				);
				INFOPLIST_FILE = FairFareTests/Info.plist;
				LD_RUNPATH_SEARCH_PATHS = "$(inherited) @executable_path/Frameworks @loader_path/Frameworks";
				PRODUCT_NAME = "$(TARGET_NAME)";
				TEST_HOST = "$(BUILT_PRODUCTS_DIR)/FairFare.app/FairFare";
			};
			name = Release;
		};
/* End XCBuildConfiguration section */

/* Begin XCConfigurationList section */
		501BB5291AC4012E0066CA3D /* Build configuration list for PBXProject "FairFare" */ = {
			isa = XCConfigurationList;
			buildConfigurations = (
				501BB54F1AC4012E0066CA3D /* Debug */,
				501BB5501AC4012E0066CA3D /* Release */,
			);
			defaultConfigurationIsVisible = 0;
			defaultConfigurationName = Release;
		};
		501BB5511AC4012E0066CA3D /* Build configuration list for PBXNativeTarget "FairFare" */ = {
			isa = XCConfigurationList;
			buildConfigurations = (
				501BB5521AC4012E0066CA3D /* Debug */,
				501BB5531AC4012E0066CA3D /* Release */,
			);
			defaultConfigurationIsVisible = 0;
			defaultConfigurationName = Release;
		};
		501BB5541AC4012E0066CA3D /* Build configuration list for PBXNativeTarget "FairFareTests" */ = {
			isa = XCConfigurationList;
			buildConfigurations = (
				501BB5551AC4012E0066CA3D /* Debug */,
				501BB5561AC4012E0066CA3D /* Release */,
			);
			defaultConfigurationIsVisible = 0;
			defaultConfigurationName = Release;
		};
/* End XCConfigurationList section */

/* Begin XCVersionGroup section */
		50639BA11AF236EC00477E24 /* FairFare.xcdatamodeld */ = {
			isa = XCVersionGroup;
			children = (
				50639BA21AF236EC00477E24 /* FairFare.xcdatamodel */,
			);
			currentVersion = 50639BA21AF236EC00477E24 /* FairFare.xcdatamodel */;
			path = FairFare.xcdatamodeld;
			sourceTree = SOURCE_ROOT;
			versionGroupType = wrapper.xcdatamodel;
		};
/* End XCVersionGroup section */
	};
	rootObject = 501BB5261AC4012E0066CA3D /* Project object */;
}
